
Microsoft Visual Studio Solution File, Format Version 12.00
# Visual Studio Version 16
VisualStudioVersion = 16.0.32126.315
MinimumVisualStudioVersion = 10.0.40219.1
Project("{FAE04EC0-301F-11D3-BF4B-00C04F79EFBC}") = "eCommerce.Common", "eCommerce.Common\eCommerce.Common.csproj", "{EC85CEC2-2ED0-4478-B9D3-D875D993F136}"
EndProject
Project("{FAE04EC0-301F-11D3-BF4B-00C04F79EFBC}") = "eCommerce.Model", "eCommerce.Model\eCommerce.Model.csproj", "{03379080-2227-499F-8CE3-AB35ADCD89EB}"
EndProject
Project("{FAE04EC0-301F-11D3-BF4B-00C04F79EFBC}") = "eCommerce.Data", "eCommerce.Data\eCommerce.Data.csproj", "{D451D858-B73F-470F-92BB-2BA7E1BA44DB}"
EndProject
Project("{FAE04EC0-301F-11D3-BF4B-00C04F79EFBC}") = "eCommerce.Service", "eCommerce.Service\eCommerce.Service.csproj", "{A4AF9918-018B-4264-983A-60520B3CF0DC}"
EndProject
Project("{FAE04EC0-301F-11D3-BF4B-00C04F79EFBC}") = "eCommerce.Web", "eCommerce.Web\eCommerce.Web.csproj", "{044D6776-3822-40EF-AEB8-E1F7021F860C}"
EndProject
Global
	GlobalSection(SolutionConfigurationPlatforms) = preSolution
		Debug|Any CPU = Debug|Any CPU
		Release|Any CPU = Release|Any CPU
	EndGlobalSection
	GlobalSection(ProjectConfigurationPlatforms) = postSolution
		{EC85CEC2-2ED0-4478-B9D3-D875D993F136}.Debug|Any CPU.ActiveCfg = Debug|Any CPU
		{EC85CEC2-2ED0-4478-B9D3-D875D993F136}.Debug|Any CPU.Build.0 = Debug|Any CPU
		{EC85CEC2-2ED0-4478-B9D3-D875D993F136}.Release|Any CPU.ActiveCfg = Release|Any CPU
		{EC85CEC2-2ED0-4478-B9D3-D875D993F136}.Release|Any CPU.Build.0 = Release|Any CPU
		{03379080-2227-499F-8CE3-AB35ADCD89EB}.Debug|Any CPU.ActiveCfg = Debug|Any CPU
		{03379080-2227-499F-8CE3-AB35ADCD89EB}.Debug|Any CPU.Build.0 = Debug|Any CPU
		{03379080-2227-499F-8CE3-AB35ADCD89EB}.Release|Any CPU.ActiveCfg = Release|Any CPU
		{03379080-2227-499F-8CE3-AB35ADCD89EB}.Release|Any CPU.Build.0 = Release|Any CPU
		{D451D858-B73F-470F-92BB-2BA7E1BA44DB}.Debug|Any CPU.ActiveCfg = Debug|Any CPU
		{D451D858-B73F-470F-92BB-2BA7E1BA44DB}.Debug|Any CPU.Build.0 = Debug|Any CPU
		{D451D858-B73F-470F-92BB-2BA7E1BA44DB}.Release|Any CPU.ActiveCfg = Release|Any CPU
		{D451D858-B73F-470F-92BB-2BA7E1BA44DB}.Release|Any CPU.Build.0 = Release|Any CPU
		{A4AF9918-018B-4264-983A-60520B3CF0DC}.Debug|Any CPU.ActiveCfg = Debug|Any CPU
		{A4AF9918-018B-4264-983A-60520B3CF0DC}.Debug|Any CPU.Build.0 = Debug|Any CPU
		{A4AF9918-018B-4264-983A-60520B3CF0DC}.Release|Any CPU.ActiveCfg = Release|Any CPU
		{A4AF9918-018B-4264-983A-60520B3CF0DC}.Release|Any CPU.Build.0 = Release|Any CPU
		{044D6776-3822-40EF-AEB8-E1F7021F860C}.Debug|Any CPU.ActiveCfg = Debug|Any CPU
		{044D6776-3822-40EF-AEB8-E1F7021F860C}.Debug|Any CPU.Build.0 = Debug|Any CPU
		{044D6776-3822-40EF-AEB8-E1F7021F860C}.Release|Any CPU.ActiveCfg = Release|Any CPU
		{044D6776-3822-40EF-AEB8-E1F7021F860C}.Release|Any CPU.Build.0 = Release|Any CPU
	EndGlobalSection
	GlobalSection(SolutionProperties) = preSolution
		HideSolutionNode = FALSE
	EndGlobalSection
	GlobalSection(ExtensibilityGlobals) = postSolution
		SolutionGuid = {FC57D0F2-BA21-4E39-8E94-5ECA1A77001A}
	EndGlobalSection
EndGlobal
